{
  "name": "ylicen-backend",
  "version": "1.0.0",
  "lockfileVersion": 3,
  "requires": true,
  "packages": {
    "": {
      "name": "ylicen-backend",
      "version": "1.0.0",
      "dependencies": {
        "hono": "^4.0.0"
      },
      "devDependencies": {
        "@cloudflare/workers-types": "^4.20240919.0",
        "typescript": "^5.3.3"
      }
    },
    "node_modules/@cloudflare/workers-types": {
      "version": "4.20260415.1",
      "dev": true,
      "license": "MIT OR Apache-2.0"
    },
    "node_modules/hono": {
      "version": "4.12.14",
      "license": "MIT",
      "engines": {
        "node": ">=16.9.0"
      }
    },
    "node_modules/typescript": {
      "version": "5.9.3",
      "dev": true,
      "license": "Apache-2.0",
      "bin": {
        "tsc": "bin/tsc",
        "tsserver": "bin/tsserver"
      },
      "engines": {
        "node": ">=14.17"
      }
    }
  }
}
